# This file is automatically @generated by Poetry 1.8.2 and should not be changed by hand.

[[package]]
name = "anytree"
version = "2.13.0"
description = "Powerful and Lightweight Python Tree Data Structure with various plugins"
optional = false
python-versions = "<4.0,>=3.9.2"
files = [
    {file = "anytree-2.13.0-py3-none-any.whl", hash = "sha256:4cbcf10df36b1f1cba131b7e487ff3edafc9d6e932a3c70071b5b768bab901ff"},
    {file = "anytree-2.13.0.tar.gz", hash = "sha256:c9d3aa6825fdd06af7ebb05b4ef291d2db63e62bb1f9b7d9b71354be9d362714"},
]

[[package]]
name = "auto-click"
version = "0.0.11"
description = "Python Auto-Click Library."
optional = false
python-versions = ">=3"
files = [
    {file = "auto-click-0.0.11.tar.gz", hash = "sha256:b9052ab6fb3913956552cf08167273d809ae31f76662f49854997b853888e45b"},
    {file = "auto_click-0.0.11-py3-none-any.whl", hash = "sha256:539b311bf0aa0e3e7cdfe022ba3820e36e735534aec036f004d0a8a603c84c8f"},
]

[package.dependencies]
click = "*"
pynput = "*"

[[package]]
name = "bnf"
version = "1.0.5"
description = "A BNF (Backus-Naur Form) parser and a LL input sequence scanner with backtracking"
optional = false
python-versions = ">=3.6"
files = [
    {file = "bnf-1.0.5-py3-none-any.whl", hash = "sha256:cd4c75dd7dbb27ed753dec53dbcfd17544487ec4566ccb10606e15fd919def1d"},
    {file = "bnf-1.0.5.tar.gz", hash = "sha256:65fd97d258b4467716d658ad7e9af90657b578cdd12828013f750b8442183308"},
]

[package.dependencies]
ply = "*"

[[package]]
name = "click"
version = "8.5.0"
description = "Composable command line interface toolkit"
optional = false
python-versions = ">=3.10"
files = [
    {file = "click-8.5.0-py3-none-any.whl", hash = "sha256:255bc9599cf7748b4b1a446ccc735421bd08a2ae529a8b88597d3de5664ee360"},
    {file = "click-8.5.0.tar.gz", hash = "sha256:ba0d2089de75ea0310e2dde03160e6ca10009947fb95a182f9b54021bb272e34"},
]

[[package]]
name = "evdev"
version = "2.0.0"
description = "Bindings to the Linux input handling subsystem"
optional = false
python-versions = ">=3.11"
files = [
    {file = "evdev-2.0.0.tar.gz", hash = "sha256:442fb3f4c8dfc9e61e901133c356220c02d663eca8f34722e0cecdd637eba504"},
]

[[package]]
name = "ply"
version = "3.11"
description = "Python Lex & Yacc"
optional = false
python-versions = "*"
files = [
    {file = "ply-3.11-py2.py3-none-any.whl", hash = "sha256:096f9b8350b65ebd2fd1346b12452efe5b9607f7482813ffca50c22722a807ce"},
    {file = "ply-3.11.tar.gz", hash = "sha256:00c7c1aaa88358b9c765b6d3000c6eec0ba42abca5351b095321aef446081da3"},
]

[[package]]
name = "prompt-toolkit"
version = "3.0.53"
description = "Library for building powerful interactive command lines in Python"
optional = false
python-versions = ">=3.10"
files = [
    {file = "prompt_toolkit-3.0.53-py3-none-any.whl", hash = "sha256:01c0891d7f9237d5e339f7d3e42cdae80b7534abb1c7c0e3352efba6231492f2"},
    {file = "prompt_toolkit-3.0.53.tar.gz", hash = "sha256:9ec8a0ad96d5c56148b3f914aa79c1564c3fde5d2e6b876e7bc327e353cf8fa6"},
]

[package.dependencies]
wcwidth = ">=0.1.4"

[[package]]
name = "pynput"
version = "1.8.2"
description = "Monitor and control user input devices"
optional = false
python-versions = "*"
files = [
    {file = "pynput-1.8.2-py2.py3-none-any.whl", hash = "sha256:8cc38cf13a6ab2749cb375678be8a0fd705d7ce49c8001ff5db4007a723bbef1"},
    {file = "pynput-1.8.2.tar.gz", hash = "sha256:f493c87157cd3861b4468f7f896857051762f44ed26f1b641e7cc5840a457087"},
]

[package.dependencies]
evdev = {version = ">=1.3", markers = "sys_platform in \"linux\""}
pyobjc-framework-ApplicationServices = {version = ">=8.0", markers = "sys_platform == \"darwin\""}
pyobjc-framework-Quartz = {version = ">=8.0", markers = "sys_platform == \"darwin\""}
python-xlib = {version = ">=0.17", markers = "sys_platform in \"linux\""}
six = "*"

[[package]]
name = "pyobjc-core"
version = "12.2.2"
description = "Python<->ObjC Interoperability Module"
optional = false
python-versions = ">=3.10"
files = [
    {file = "pyobjc_core-12.2.2-cp310-cp310-macosx_10_9_universal2.whl", hash = "sha256:56c6c39f1de059fcbb174ebca5525505fc8feaa89be2a28c329bf09b6b25ee75"},
    {file = "pyobjc_core-12.2.2-cp311-cp311-macosx_10_9_universal2.whl", hash = "sha256:b9cdd686e32db8e451feb19f8a85bc4cd52c2893103881d04aca51e1f35371d1"},
    {file = "pyobjc_core-12.2.2-cp312-cp312-macosx_10_13_universal2.whl", hash = "sha256:122e6ad302a2abf5d4d4adb0156db751600ddf2768441696cba17b31323085e7"},
    {file = "pyobjc_core-12.2.2-cp313-cp313-macosx_10_13_universal2.whl", hash = "sha256:950bd2d9c74634398c4e3d24ef2f213d4e23d705083697464fa67afedc53c1ad"},
    {file = "pyobjc_core-12.2.2-cp313-cp313t-macosx_10_13_universal2.whl", hash = "sha256:3772b406edb3ff78171530a17cda1c4a7817f87b87ded0d8715b3fa664df16db"},
    {file = "pyobjc_core-12.2.2-cp314-cp314-macosx_10_15_universal2.whl", hash = "sha256:2062e8ad30a310441cd022544a897553408bebeaa7820d5edba3c96fd7fd693b"},
    {file = "pyobjc_core-12.2.2-cp314-cp314t-macosx_10_15_universal2.whl", hash = "sha256:2c7ef3d2f865b4b3ebb14ec3556f7a3e8abb6d130c67275cd9daa08dbd6e4e4e"},
    {file = "pyobjc_core-12.2.2-cp315-cp315-macosx_10_15_universal2.whl", hash = "sha256:89acc6bc13aaa6e3f52b0ce652ede7e201edb6bf062741b246b0c5a44582f25f"},
    {file = "pyobjc_core-12.2.2-cp315-cp315t-macosx_10_15_universal2.whl", hash = "sha256:59a77038ebe0ab1240f61c341e7fb67b8674f2b4cd41bc71a6472511a12b50f7"},
    {file = "pyobjc_core-12.2.2.tar.gz", hash = "sha256:3906452339cd06a3bb07df103c2511d4cb0f7a22d8771c0b802eba15d9a642b6"},
]

[[package]]
name = "pyobjc-framework-applicationservices"
version = "12.2.2"
description = "Wrappers for the framework ApplicationServices on macOS"
optional = false
python-versions = ">=3.10"
files = [
    {file = "pyobjc_framework_applicationservices-12.2.2-cp310-cp310-macosx_10_9_universal2.whl", hash = "sha256:e525167b28560d1cbadadcaee4bcdd20c999f6af3e489cc63bacde4ed1a6b549"},
    {file = "pyobjc_framework_applicationservices-12.2.2-cp311-cp311-macosx_10_9_universal2.whl", hash = "sha256:82275ea56be975ee84fafdb340dcfee6b5289422c3f674c1982d3fcd47ba68c9"},
    {file = "pyobjc_framework_applicationservices-12.2.2-cp312-cp312-macosx_10_13_universal2.whl", hash = "sha256:5506bd6b5268a97fcb79b5b021f6cbbaaf5cdff3ec87094d8870268d8cf096ed"},
    {file = "pyobjc_framework_applicationservices-12.2.2-cp313-cp313-macosx_10_13_universal2.whl", hash = "sha256:3b5693a377480cf127caa1c8c835b8620896971029c545d99d01aa31a2c38159"},
    {file = "pyobjc_framework_applicationservices-12.2.2-cp313-cp313t-macosx_10_13_universal2.whl", hash = "sha256:93ba63aad6607f369c1b38bf91306731da6306fdde5eb67afa407b3f8a87dda7"},
    {file = "pyobjc_framework_applicationservices-12.2.2-cp314-cp314-macosx_10_15_universal2.whl", hash = "sha256:1af01a271b85eae2a327e93cf3ec46de0199a1a933594f78d4c2b9b9c2240e5e"},
    {file = "pyobjc_framework_applicationservices-12.2.2-cp314-cp314t-macosx_10_15_universal2.whl", hash = "sha256:4188a79f2774778dd5f2bcfb49b856d08dd824862f072924be40274b5a5cad95"},
    {file = "pyobjc_framework_applicationservices-12.2.2-cp315-cp315-macosx_10_15_universal2.whl", hash = "sha256:fc861e14f78e7370e982202b21db8bcb562dc14cd4098e557a17961d3411de45"},
    {file = "pyobjc_framework_applicationservices-12.2.2-cp315-cp315t-macosx_10_15_universal2.whl", hash = "sha256:3f9dde6d8e8fb8ebd79ac6e84212c1d294eba48fa2d4c467a29614c3ca5ef2f8"},
    {file = "pyobjc_framework_applicationservices-12.2.2.tar.gz", hash = "sha256:0bcc09531d5854598fd74706d999e4ae3b7c503204d318910d02eba30e8eecef"},
]

[package.dependencies]
pyobjc-core = ">=12.2.2"
pyobjc-framework-Cocoa = ">=12.2.2"
pyobjc-framework-CoreText = ">=12.2.2"
pyobjc-framework-Quartz = ">=12.2.2"

[[package]]
name = "pyobjc-framework-cocoa"
version = "12.2.2"
description = "Wrappers for the Cocoa frameworks on macOS"
optional = false
python-versions = ">=3.10"
files = [
    {file = "pyobjc_framework_cocoa-12.2.2-cp310-cp310-macosx_10_9_universal2.whl", hash = "sha256:5a751c8033a3b51f7996f0327e0675eb44dcfdfe7920fae01e3d78b662723fff"},
    {file = "pyobjc_framework_cocoa-12.2.2-cp311-cp311-macosx_10_9_universal2.whl", hash = "sha256:851dca4c16e70b405e5cd5a8c166cf7c445ae54a4cdd95ce9a523803172f32d1"},
    {file = "pyobjc_framework_cocoa-12.2.2-cp312-cp312-macosx_10_13_universal2.whl", hash = "sha256:e106f395531e67694376b0f1184612cbeea3ec8b9bf56b55ef41d026171d2a2d"},
    {file = "pyobjc_framework_cocoa-12.2.2-cp313-cp313-macosx_10_13_universal2.whl", hash = "sha256:600b1723184ca094931330e79355274949965460e23de38628d601b5a967baf9"},
    {file = "pyobjc_framework_cocoa-12.2.2-cp313-cp313t-macosx_10_13_universal2.whl", hash = "sha256:875f2aad73963faa81a6b36ae674fd494a4658d6d999e1075e0e2aca3d2391df"},
    {file = "pyobjc_framework_cocoa-12.2.2-cp314-cp314-macosx_10_15_universal2.whl", hash = "sha256:889d7bbd4ba2d4941078bfbbfb882138e51dbead27df006abfe0f2e0d49b5b2e"},
    {file = "pyobjc_framework_cocoa-12.2.2-cp314-cp314t-macosx_10_15_universal2.whl", hash = "sha256:de69c5933750f3a4599ed962eccd92b6a71914c7e4318dacc7895738a8ae60d7"},
    {file = "pyobjc_framework_cocoa-12.2.2-cp315-cp315-macosx_10_15_universal2.whl", hash = "sha256:0e8ace0d44a00d281281a723d17fcd05eea7544a38a6a512e1fd018ddb7aece2"},
    {file = "pyobjc_framework_cocoa-12.2.2-cp315-cp315t-macosx_10_15_universal2.whl", hash = "sha256:8fe5b2e79c9530f667b4e58a87a3a15ea62f86a5d19eec405517ecbd4f454868"},
    {file = "pyobjc_framework_cocoa-12.2.2.tar.gz", hash = "sha256:c96c0ef69a71afbbb0e6a7d594b455c5fe47d62e0db376ee7a2b4b828c16ace9"},
]

[package.dependencies]
pyobjc-core = ">=12.2.2"

[[package]]
name = "pyobjc-framework-coretext"
version = "12.2.2"
description = "Wrappers for the framework CoreText on macOS"
optional = false
python-versions = ">=3.10"
files = [
    {file = "pyobjc_framework_coretext-12.2.2-cp310-cp310-macosx_10_9_universal2.whl", hash = "sha256:8af29c8f5fd3404b2ce3730ac1166c5b66e206830603facb85d0ad3ede5309dc"},
    {file = "pyobjc_framework_coretext-12.2.2-cp311-cp311-macosx_10_9_universal2.whl", hash = "sha256:77a379ff47c599cb2bab918eb75680d30d950692ec19d67b734d11ded090b4e1"},
    {file = "pyobjc_framework_coretext-12.2.2-cp312-cp312-macosx_10_13_universal2.whl", hash = "sha256:a69611de569d92776e6391ca25492a5bbb4a05ba744006349e377a4fc5f7c8a5"},
    {file = "pyobjc_framework_coretext-12.2.2-cp313-cp313-macosx_10_13_universal2.whl", hash = "sha256:dbd0f288a859e359ee8e7ccf45bc2c489f38ae1087c21468b61d700433e0c91b"},
    {file = "pyobjc_framework_coretext-12.2.2-cp313-cp313t-macosx_10_13_universal2.whl", hash = "sha256:1324d91305022b1de03a12cf82de2b42c87dafe9b12cde6237253658a8637139"},
    {file = "pyobjc_framework_coretext-12.2.2-cp314-cp314-macosx_10_15_universal2.whl", hash = "sha256:295d1037494630527acc24d116b0301ab5cf5e918952f49f7bf4f76ebae24d0c"},
    {file = "pyobjc_framework_coretext-12.2.2-cp314-cp314t-macosx_10_15_universal2.whl", hash = "sha256:b585f0db77280930cb32e71cf8d27f5203d8c0f42a65fba690294530ab6e1aa6"},
    {file = "pyobjc_framework_coretext-12.2.2-cp315-cp315-macosx_10_15_universal2.whl", hash = "sha256:f1ad871d761bad9a0d461cceeeff7375a39f4d181c2a206dada6fc05307fec12"},
    {file = "pyobjc_framework_coretext-12.2.2-cp315-cp315t-macosx_10_15_universal2.whl", hash = "sha256:1dc50de18346c4d6c89a51df066f03beea81e3557e3090ddc2a7a59395332fd8"},
    {file = "pyobjc_framework_coretext-12.2.2.tar.gz", hash = "sha256:64ddc02303217028e32e22c7cc00b5112d84e9d9a67c37d00c2e54f9172284ab"},
]

[package.dependencies]
pyobjc-core = ">=12.2.2"
pyobjc-framework-Cocoa = ">=12.2.2"
pyobjc-framework-Quartz = ">=12.2.2"

[[package]]
name = "pyobjc-framework-quartz"
version = "12.2.2"
description = "Wrappers for the Quartz frameworks on macOS"
optional = false
python-versions = ">=3.10"
files = [
    {file = "pyobjc_framework_quartz-12.2.2-cp310-cp310-macosx_10_9_universal2.whl", hash = "sha256:d89a5f47c079b5c340d2b1cbb83eb6c4c92d4bb17cd4daf7d8c02c91a49f5399"},
    {file = "pyobjc_framework_quartz-12.2.2-cp311-cp311-macosx_10_9_universal2.whl", hash = "sha256:4b01e325b0cdc121e78730dde9756e971b23069bf141cd62efbcaac76d7b6dbb"},
    {file = "pyobjc_framework_quartz-12.2.2-cp312-cp312-macosx_10_13_universal2.whl", hash = "sha256:7f668979d0c7320bf8f7ed6e030da578f93ab0f5dd619b295ec735cd8d5faa34"},
    {file = "pyobjc_framework_quartz-12.2.2-cp313-cp313-macosx_10_13_universal2.whl", hash = "sha256:0ec9751904ef975bf0789d760dc4fadcb400edc4ffe4a736eb54971968babe5c"},
    {file = "pyobjc_framework_quartz-12.2.2-cp313-cp313t-macosx_10_13_universal2.whl", hash = "sha256:63f6f0f3233dcf650aac1374781e78961b0b17b33e3351953bacf8bd0c430593"},
    {file = "pyobjc_framework_quartz-12.2.2-cp314-cp314-macosx_10_15_universal2.whl", hash = "sha256:1f7f3d9010e38f03ea1fa266664c10ea349cd7492bd603b403584f49d713dbed"},
    {file = "pyobjc_framework_quartz-12.2.2-cp314-cp314t-macosx_10_15_universal2.whl", hash = "sha256:ebf8167ca2096cf3a05199decfa517be0df4c56048f49cf132bd6b1a6ab9c086"},
    {file = "pyobjc_framework_quartz-12.2.2-cp315-cp315-macosx_10_15_universal2.whl", hash = "sha256:cee63b891c2b6b7ccf98f233175411529f3e80286f58438793b3634af79858f1"},
    {file = "pyobjc_framework_quartz-12.2.2-cp315-cp315t-macosx_10_15_universal2.whl", hash = "sha256:8f58c589b5a76ba98f186b1f3b19fb1c8b730e82351f81fb62e6194f64a71622"},
    {file = "pyobjc_framework_quartz-12.2.2.tar.gz", hash = "sha256:810f97b210cfd93704d240860286dfd6df09f9f1c52525fc5c2166723aea3f9e"},
]

[package.dependencies]
pyobjc-core = ">=12.2.2"
pyobjc-framework-Cocoa = ">=12.2.2"

[[package]]
name = "python-xlib"
version = "0.33"
description = "Python X Library"
optional = false
python-versions = "*"
files = [
    {file = "python-xlib-0.33.tar.gz", hash = "sha256:55af7906a2c75ce6cb280a584776080602444f75815a7aff4d287bb2d7018b32"},
    {file = "python_xlib-0.33-py2.py3-none-any.whl", hash = "sha256:c3534038d42e0df2f1392a1b30a15a4ff5fdc2b86cfa94f072bf11b10a164398"},
]

[package.dependencies]
six = ">=1.10.0"

[[package]]
name = "six"
version = "1.17.0"
description = "Python 2 and 3 compatibility utilities"
optional = false
python-versions = "!=3.0.*,!=3.1.*,!=3.2.*,>=2.7"
files = [
    {file = "six-1.17.0-py2.py3-none-any.whl", hash = "sha256:4721f391ed90541fddacab5acf947aa0d3dc7d27b2e1e8eda2be8970586c3274"},
    {file = "six-1.17.0.tar.gz", hash = "sha256:ff70335d468e7eb6ec65b95b99d3a2836546063f63acc5171de367e834932a81"},
]

[[package]]
name = "wcwidth"
version = "0.8.3"
description = "Measures the displayed width of unicode strings in a terminal"
optional = false
python-versions = ">=3.8"
files = [
    {file = "wcwidth-0.8.3-py3-none-any.whl", hash = "sha256:d5b73dba6158a595ec9370350e7f2637bcac8d6c5e4fde34f30fcffb6103a5e4"},
    {file = "wcwidth-0.8.3.tar.gz", hash = "sha256:d128512515fbf4612e0ff21fd6380399210318b7b54a9af59dff8454cf9730eb"},
]

[metadata]
lock-version = "2.0"
python-versions = "^3.12"
content-hash = "46fdc7e0aa6a27991ef457a0e4a39f854e01ac5c5c911cd22d8acc1b39fd967e"
